
Microsoft Visual Studio Solution File, Format Version 12.00
# Visual Studio Version 17
VisualStudioVersion = 17.13.35931.197 d17.13
MinimumVisualStudioVersion = 10.0.40219.1
Project("{8BC9CEB8-8B4A-11D0-8D11-00A0C91BC942}") = "QtStarter", "QtStarter.vcxproj", "{6276FF81-E939-4517-8F9B-FDF8D2DFEA96}"
EndProject
Global
	GlobalSection(SolutionConfigurationPlatforms) = preSolution
		Debug|x64 = Debug|x64
		Release|x64 = Release|x64
	EndGlobalSection
	GlobalSection(ProjectConfigurationPlatforms) = postSolution
		{6276FF81-E939-4517-8F9B-FDF8D2DFEA96}.Debug|x64.ActiveCfg = Debug|x64
		{6276FF81-E939-4517-8F9B-FDF8D2DFEA96}.Debug|x64.Build.0 = Debug|x64
		{6276FF81-E939-4517-8F9B-FDF8D2DFEA96}.Release|x64.ActiveCfg = Release|x64
		{6276FF81-E939-4517-8F9B-FDF8D2DFEA96}.Release|x64.Build.0 = Release|x64
	EndGlobalSection
	GlobalSection(SolutionProperties) = preSolution
		HideSolutionNode = FALSE
	EndGlobalSection
	GlobalSection(ExtensibilityGlobals) = postSolution
		SolutionGuid = {04729461-99E0-4D09-81D3-C3A025FC811A}
	EndGlobalSection
EndGlobal
